github.com/AcidicNic/Ekko/handler v0.0.0-20200628011535-b65a3e3f2d01 h1:M0L3delRPM3s902RMv/fbU0g5vEs4GV9/N+gJePqyXM=
github.com/AcidicNic/Ekko/handler v0.0.0-20200628011535-b65a3e3f2d01/go.mod h1:qNMgQ0N9Ew7Pq4vli4nDbMsa+Am1SPCBpe4EiMO0VTc=
github.com/gorilla/websocket v1.4.2 h1:+/TMaTYc4QFitKJxsQ7Yye35DkWvkdLcvGKqM+x0Ufc=
github.com/gorilla/websocket v1.4.2/go.mod h1:YR8l580nyteQvAITg2hZ9XVh4b55+EU/adAjf1fMHhE=
