github.com/gorilla/websocket v1.4.2 h1:+/TMaTYc4QFitKJxsQ7Yye35DkWvkdLcvGKqM+x0Ufc=
github.com/gorilla/websocket v1.4.2/go.mod h1:YR8l580nyteQvAITg2hZ9XVh4b55+EU/adAjf1fMHhE=
github.com/omarsagoo/omar-ekko/handler v0.0.0-20200619113322-c70868440cae h1:eOw2y7h0Ub4jWRQ7bf5eLj+fOFn3MSv2t8ChiHhzHoc=
github.com/omarsagoo/omar-ekko/handler v0.0.0-20200619113322-c70868440cae/go.mod h1:O4Z8PDwOC0d2hrCHwGOw4tdUvbvjA8jcvAhBBaj+GgQ=
