github.com/AcidicNic/Ekko v0.0.0-20200714034728-50b502ce26bc h1:ube8xXqAGVeMWlXBIxmhmwDY+0Bkan4nFsrtUXsGIyE=
github.com/AcidicNic/Ekko v0.0.0-20200714034728-50b502ce26bc/go.mod h1:b0kzU9dFnrkHHgJjPvA4XgmGenI7bQM/CqI/3pO9AAU=
github.com/Luzifer/go-openssl v2.0.0+incompatible h1:EpNNxrPDji4rRzE0KeOeIeV7pHyKe8zF9oNnAXy4mBY=
github.com/Luzifer/go-openssl v2.0.0+incompatible/go.mod h1:t2qnLjT8WQ3usGU1R8uAqjY4T7CK7eMg9vhQ3l9Ue/Y=
github.com/gorilla/websocket v1.4.2 h1:+/TMaTYc4QFitKJxsQ7Yye35DkWvkdLcvGKqM+x0Ufc=
github.com/gorilla/websocket v1.4.2/go.mod h1:YR8l580nyteQvAITg2hZ9XVh4b55+EU/adAjf1fMHhE=
